// !$*UTF8*$!
{
	archiveVersion = 1;
	classes = {
	};
	objectVersion = 48;
	objects = {

/* Begin PBXBuildFile section */
		0167072C201980E500913B43 /* ResourcePath.mm in Sources */ = {isa = PBXBuildFile; fileRef = 0167072B201980E500913B43 /* ResourcePath.mm */; };
		0167072F201980E500913B43 /* main.cpp in Sources */ = {isa = PBXBuildFile; fileRef = 0167072E201980E500913B43 /* main.cpp */; };
		01670736201980E500913B43 /* sansation.ttf in Resources */ = {isa = PBXBuildFile; fileRef = 01670735201980E500913B43 /* sansation.ttf */; };
		01670738201980E500913B43 /* icon.png in Resources */ = {isa = PBXBuildFile; fileRef = 01670737201980E500913B43 /* icon.png */; };
		0167073F201986A500913B43 /* books in Resources */ = {isa = PBXBuildFile; fileRef = 0167073E201986A500913B43 /* books */; };
		01990C8A201ADB830062D378 /* data in Resources */ = {isa = PBXBuildFile; fileRef = 01990C89201ADB830062D378 /* data */; };
		01990C92201ADC4F0062D378 /* Book.cpp in Sources */ = {isa = PBXBuildFile; fileRef = 01990C90201ADC4F0062D378 /* Book.cpp */; };
		01990C95201ADC6D0062D378 /* Global.cpp in Sources */ = {isa = PBXBuildFile; fileRef = 01990C93201ADC6D0062D378 /* Global.cpp */; };
		01990C98201ADC900062D378 /* Plot.cpp in Sources */ = {isa = PBXBuildFile; fileRef = 01990C96201ADC8F0062D378 /* Plot.cpp */; };
		01990C9E201C67240062D378 /* Data.cpp in Sources */ = {isa = PBXBuildFile; fileRef = 01990C9C201C67240062D378 /* Data.cpp */; };
/* End PBXBuildFile section */

/* Begin PBXFileReference section */
		01670726201980E500913B43 /* NovelAnalyzer.app */ = {isa = PBXFileReference; explicitFileType = wrapper.application; includeInIndex = 0; path = NovelAnalyzer.app; sourceTree = BUILT_PRODUCTS_DIR; };
		0167072A201980E500913B43 /* NovelAnalyzer-Info.plist */ = {isa = PBXFileReference; lastKnownFileType = text.plist.xml; path = "NovelAnalyzer-Info.plist"; sourceTree = "<group>"; };
		0167072B201980E500913B43 /* ResourcePath.mm */ = {isa = PBXFileReference; lastKnownFileType = sourcecode.cpp.objcpp; path = ResourcePath.mm; sourceTree = "<group>"; };
		0167072D201980E500913B43 /* ResourcePath.hpp */ = {isa = PBXFileReference; lastKnownFileType = sourcecode.cpp.h; path = ResourcePath.hpp; sourceTree = "<group>"; };
		0167072E201980E500913B43 /* main.cpp */ = {isa = PBXFileReference; lastKnownFileType = sourcecode.cpp.cpp; path = main.cpp; sourceTree = "<group>"; };
		01670735201980E500913B43 /* sansation.ttf */ = {isa = PBXFileReference; lastKnownFileType = file; path = sansation.ttf; sourceTree = "<group>"; };
		01670737201980E500913B43 /* icon.png */ = {isa = PBXFileReference; lastKnownFileType = image.png; path = icon.png; sourceTree = "<group>"; };
		0167073E201986A500913B43 /* books */ = {isa = PBXFileReference; lastKnownFileType = folder; path = books; sourceTree = "<group>"; };
		01990C89201ADB830062D378 /* data */ = {isa = PBXFileReference; lastKnownFileType = folder; path = data; sourceTree = "<group>"; };
		01990C90201ADC4F0062D378 /* Book.cpp */ = {isa = PBXFileReference; lastKnownFileType = sourcecode.cpp.cpp; name = Book.cpp; path = src/Book.cpp; sourceTree = "<group>"; };
		01990C91201ADC4F0062D378 /* Book.hpp */ = {isa = PBXFileReference; lastKnownFileType = sourcecode.cpp.h; name = Book.hpp; path = src/Book.hpp; sourceTree = "<group>"; };
		01990C93201ADC6D0062D378 /* Global.cpp */ = {isa = PBXFileReference; lastKnownFileType = sourcecode.cpp.cpp; name = Global.cpp; path = src/Global.cpp; sourceTree = "<group>"; };
		01990C94201ADC6D0062D378 /* Global.hpp */ = {isa = PBXFileReference; lastKnownFileType = sourcecode.cpp.h; name = Global.hpp; path = src/Global.hpp; sourceTree = "<group>"; };
		01990C96201ADC8F0062D378 /* Plot.cpp */ = {isa = PBXFileReference; fileEncoding = 4; lastKnownFileType = sourcecode.cpp.cpp; name = Plot.cpp; path = src/Plot.cpp; sourceTree = "<group>"; };
		01990C97201ADC8F0062D378 /* Plot.hpp */ = {isa = PBXFileReference; fileEncoding = 4; lastKnownFileType = sourcecode.cpp.h; name = Plot.hpp; path = src/Plot.hpp; sourceTree = "<group>"; };
		01990C9C201C67240062D378 /* Data.cpp */ = {isa = PBXFileReference; lastKnownFileType = sourcecode.cpp.cpp; name = Data.cpp; path = src/Data.cpp; sourceTree = "<group>"; };
		01990C9D201C67240062D378 /* Data.hpp */ = {isa = PBXFileReference; lastKnownFileType = sourcecode.cpp.h; name = Data.hpp; path = src/Data.hpp; sourceTree = "<group>"; };
/* End PBXFileReference section */

/* Begin PBXFrameworksBuildPhase section */
		01670722201980E500913B43 /* Frameworks */ = {
			isa = PBXFrameworksBuildPhase;
			buildActionMask = 2147483647;
			files = (
			);
			runOnlyForDeploymentPostprocessing = 0;
		};
/* End PBXFrameworksBuildPhase section */

/* Begin PBXGroup section */
		0167071C201980E500913B43 = {
			isa = PBXGroup;
			children = (
				01670728201980E500913B43 /* NovelAnalyzer */,
				01670727201980E500913B43 /* Products */,
			);
			sourceTree = "<group>";
		};
		01670727201980E500913B43 /* Products */ = {
			isa = PBXGroup;
			children = (
				01670726201980E500913B43 /* NovelAnalyzer.app */,
			);
			name = Products;
			sourceTree = "<group>";
		};
		01670728201980E500913B43 /* NovelAnalyzer */ = {
			isa = PBXGroup;
			children = (
				0167072B201980E500913B43 /* ResourcePath.mm */,
				0167072D201980E500913B43 /* ResourcePath.hpp */,
				01990C93201ADC6D0062D378 /* Global.cpp */,
				01990C94201ADC6D0062D378 /* Global.hpp */,
				0167072E201980E500913B43 /* main.cpp */,
				01990C8F201ADC220062D378 /* Analysis */,
				01990C8E201ADC0E0062D378 /* Graphics */,
				01670730201980E500913B43 /* Resources */,
				01670729201980E500913B43 /* Supporting Files */,
			);
			path = NovelAnalyzer;
			sourceTree = "<group>";
		};
		01670729201980E500913B43 /* Supporting Files */ = {
			isa = PBXGroup;
			children = (
				0167072A201980E500913B43 /* NovelAnalyzer-Info.plist */,
			);
			name = "Supporting Files";
			sourceTree = "<group>";
		};
		01670730201980E500913B43 /* Resources */ = {
			isa = PBXGroup;
			children = (
				01990C89201ADB830062D378 /* data */,
				0167073E201986A500913B43 /* books */,
				01670735201980E500913B43 /* sansation.ttf */,
				01670737201980E500913B43 /* icon.png */,
			);
			name = Resources;
			sourceTree = "<group>";
		};
		01990C8E201ADC0E0062D378 /* Graphics */ = {
			isa = PBXGroup;
			children = (
				01990C96201ADC8F0062D378 /* Plot.cpp */,
				01990C97201ADC8F0062D378 /* Plot.hpp */,
			);
			name = Graphics;
			sourceTree = "<group>";
		};
		01990C8F201ADC220062D378 /* Analysis */ = {
			isa = PBXGroup;
			children = (
				01990C90201ADC4F0062D378 /* Book.cpp */,
				01990C91201ADC4F0062D378 /* Book.hpp */,
				01990C9C201C67240062D378 /* Data.cpp */,
				01990C9D201C67240062D378 /* Data.hpp */,
			);
			name = Analysis;
			sourceTree = "<group>";
		};
/* End PBXGroup section */

/* Begin PBXNativeTarget section */
		01670725201980E500913B43 /* NovelAnalyzer */ = {
			isa = PBXNativeTarget;
			buildConfigurationList = 0167073B201980E500913B43 /* Build configuration list for PBXNativeTarget "NovelAnalyzer" */;
			buildPhases = (
				01670721201980E500913B43 /* Sources */,
				01670722201980E500913B43 /* Frameworks */,
				01670723201980E500913B43 /* Resources */,
				01670724201980E500913B43 /* ShellScript */,
			);
			buildRules = (
			);
			dependencies = (
			);
			name = NovelAnalyzer;
			productName = NovelAnalyzer;
			productReference = 01670726201980E500913B43 /* NovelAnalyzer.app */;
			productType = "com.apple.product-type.application";
		};
/* End PBXNativeTarget section */

/* Begin PBXProject section */
		0167071D201980E500913B43 /* Project object */ = {
			isa = PBXProject;
			attributes = {
				LastUpgradeCheck = 0920;
				ORGANIZATIONNAME = VectoPlasm;
				TargetAttributes = {
					01670725201980E500913B43 = {
						CreatedOnToolsVersion = 9.2;
						ProvisioningStyle = Automatic;
					};
				};
			};
			buildConfigurationList = 01670720201980E500913B43 /* Build configuration list for PBXProject "NovelAnalyzer" */;
			compatibilityVersion = "Xcode 8.0";
			developmentRegion = en;
			hasScannedForEncodings = 0;
			knownRegions = (
				en,
			);
			mainGroup = 0167071C201980E500913B43;
			productRefGroup = 01670727201980E500913B43 /* Products */;
			projectDirPath = "";
			projectRoot = "";
			targets = (
				01670725201980E500913B43 /* NovelAnalyzer */,
			);
		};
/* End PBXProject section */

/* Begin PBXResourcesBuildPhase section */
		01670723201980E500913B43 /* Resources */ = {
			isa = PBXResourcesBuildPhase;
			buildActionMask = 2147483647;
			files = (
				01670738201980E500913B43 /* icon.png in Resources */,
				01670736201980E500913B43 /* sansation.ttf in Resources */,
				0167073F201986A500913B43 /* books in Resources */,
				01990C8A201ADB830062D378 /* data in Resources */,
			);
			runOnlyForDeploymentPostprocessing = 0;
		};
/* End PBXResourcesBuildPhase section */

/* Begin PBXShellScriptBuildPhase section */
		01670724201980E500913B43 /* ShellScript */ = {
			isa = PBXShellScriptBuildPhase;
			buildActionMask = 2147483647;
			files = (
			);
			inputPaths = (
			);
			outputPaths = (
			);
			runOnlyForDeploymentPostprocessing = 0;
			shellPath = /bin/sh;
			shellScript = "# This shell script simply copies required SFML dylibs/frameworks into the application bundle frameworks folder.\n# If you're using static libraries (which is not recommended) you should remove this script from your project.\n\n# SETTINGS\nCMAKE_INSTALL_FRAMEWORK_PREFIX=\"/Library/Frameworks\"\nCMAKE_INSTALL_LIB_PREFIX=\"/usr/local/lib\"\nFRAMEWORKS_FULL_PATH=\"$BUILT_PRODUCTS_DIR/$FRAMEWORKS_FOLDER_PATH/\"\n\n# Are we building a project that uses frameworks or dylibs?\ncase \"$SFML_BINARY_TYPE\" in\n    DYLIBS)\n        frameworks=\"false\"\n        ;;\n    *)\n        frameworks=\"true\"\n        ;;\nesac\n\n# Echoes to stderr\nerror () # $* message to display\n{\n    echo $* 1>&2\n    exit 2\n}\n\nassert () # $1 is a boolean, $2...N is an error message\n{\n    if [ $# -lt 2 ]\n    then\n        error \"Internal error in assert: not enough args\"\n    fi\n\n    if [ $1 -ne 0 ]\n    then\n        shift\n        error \"$*\"\n    fi\n}\n\nforce_remove () # $@ is some paths\n{\n    test $# -ge 1\n    assert $? \"force_remove() requires at least one parameter\"\n    rm -fr $@\n    assert $? \"couldn't remove $@\"\n}\n\ncopy () # $1 is a source, $2 is a destination\n{\n    test $# -eq 2\n    assert $? \"copy() requires two parameters\"\n    ditto \"$1\" \"$2\"\n    assert $? \"couldn't copy $1 to $2\"\n}\n\nrequire () # $1 is a SFML module like 'system' or 'audio'\n{\n    dest=\"$BUILT_PRODUCTS_DIR/$FRAMEWORKS_FOLDER_PATH/\"\n\n    if [ -z \"$1\" ]\n    then\n        error \"require() requires one parameter!\"\n    else\n        # clean potentially old stuff\n        force_remove \"$dest/libsfml-$1\"*\n        force_remove \"$dest/sfml-$1.framework\"\n\n        # copy SFML libraries\n        if [ \"$frameworks\" = \"true\" ]\n        then\n            source=\"$CMAKE_INSTALL_FRAMEWORK_PREFIX/sfml-$1.framework\"\n            target=\"sfml-$1.framework\"\n        elif [ \"$SFML_LINK_DYLIBS_SUFFIX\" = \"-d\" ]\n        then\n            source=\"$CMAKE_INSTALL_LIB_PREFIX/libsfml-$1-d.dylib\"\n            target=\"`readlink $source`\"\n        else\n            source=\"$CMAKE_INSTALL_LIB_PREFIX/libsfml-$1.dylib\"\n            target=\"`readlink $source`\"\n        fi\n\n        copy \"$source\" \"$dest/$target\"\n\n        # copy extra dependencies\n        if [ \"$1\" = \"audio\" ]\n        then\n            # copy \"FLAC\" \"ogg\" \"vorbis\" \"vorbisenc\" \"vorbisfile\" \"OpenAL\" frameworks too\n            for f in \"FLAC\" \"ogg\" \"vorbis\" \"vorbisenc\" \"vorbisfile\" \"OpenAL\"\n            do\n                copy \"$CMAKE_INSTALL_FRAMEWORK_PREFIX/$f.framework\" \"$dest/$f.framework\"\n            done\n        elif [ \"$1\" = \"graphics\" ]\n        then\n            copy \"$CMAKE_INSTALL_FRAMEWORK_PREFIX/freetype.framework\" \"$dest/freetype.framework\"\n        fi\n    fi\n}\n\nif [ -n \"$SFML_SYSTEM\" ]\nthen\n    require \"system\"\nfi\n\nif [ -n \"$SFML_AUDIO\" ]\nthen\n    require \"audio\"\nfi\n\nif [ -n \"$SFML_NETWORK\" ]\nthen\n    require \"network\"\nfi\n\nif [ -n \"$SFML_WINDOW\" ]\nthen\n    require \"window\"\nfi\n\nif [ -n \"$SFML_GRAPHICS\" ]\nthen\n    require \"graphics\"\nfi\n\n                ";
		};
/* End PBXShellScriptBuildPhase section */

/* Begin PBXSourcesBuildPhase section */
		01670721201980E500913B43 /* Sources */ = {
			isa = PBXSourcesBuildPhase;
			buildActionMask = 2147483647;
			files = (
				01990C95201ADC6D0062D378 /* Global.cpp in Sources */,
				0167072F201980E500913B43 /* main.cpp in Sources */,
				0167072C201980E500913B43 /* ResourcePath.mm in Sources */,
				01990C9E201C67240062D378 /* Data.cpp in Sources */,
				01990C92201ADC4F0062D378 /* Book.cpp in Sources */,
				01990C98201ADC900062D378 /* Plot.cpp in Sources */,
			);
			runOnlyForDeploymentPostprocessing = 0;
		};
/* End PBXSourcesBuildPhase section */

/* Begin XCBuildConfiguration section */
		01670739201980E500913B43 /* Debug */ = {
			isa = XCBuildConfiguration;
			buildSettings = {
				ARCHS = (
					i386,
					x86_64,
				);
				CLANG_CXX_LANGUAGE_STANDARD = "c++0x";
				CLANG_CXX_LIBRARY = "libc++";
				FRAMEWORK_SEARCH_PATHS = (
					/Library/Frameworks/,
					"$(inherited)",
				);
				GCC_VERSION = com.apple.compilers.llvm.clang.1_0;
				HEADER_SEARCH_PATHS = (
					/usr/local/include/,
					"$(inherited)",
				);
				LIBRARY_SEARCH_PATHS = (
					/usr/local/lib/,
					"$(inherited)",
				);
				MACOSX_DEPLOYMENT_TARGET = 10.7;
				OTHER_LDFLAGS = (
					"$(inherited)",
					"$(SFML_SYSTEM)",
					"$(SFML_WINDOW)",
					"$(SFML_GRAPHICS)",
					"$(SFML_AUDIO)",
					"$(SFML_NETWORK)",
				);
				SFML_AUDIO = "$(SFML_LINK_PREFIX) sfml-audio$(SFML_LINK_SUFFIX)";
				SFML_BINARY_TYPE = FRAMEWORKS;
				SFML_GRAPHICS = "$(SFML_LINK_PREFIX) sfml-graphics$(SFML_LINK_SUFFIX)";
				SFML_LINK_DYLIBS_PREFIX = "-l";
				SFML_LINK_DYLIBS_SUFFIX = "";
				SFML_LINK_FRAMEWORKS_PREFIX = "-framework";
				SFML_LINK_FRAMEWORKS_SUFFIX = "";
				SFML_LINK_PREFIX = "$(SFML_LINK_$(SFML_BINARY_TYPE)_PREFIX)";
				SFML_LINK_SUFFIX = "$(SFML_LINK_$(SFML_BINARY_TYPE)_SUFFIX)";
				SFML_NETWORK = "";
				SFML_SYSTEM = "$(SFML_LINK_PREFIX) sfml-system$(SFML_LINK_SUFFIX)";
				SFML_WINDOW = "$(SFML_LINK_PREFIX) sfml-window$(SFML_LINK_SUFFIX)";
				SUPPORTED_PLATFORMS = macosx;
			};
			name = Debug;
		};
		0167073A201980E500913B43 /* Release */ = {
			isa = XCBuildConfiguration;
			buildSettings = {
				ARCHS = (
					i386,
					x86_64,
				);
				CLANG_CXX_LANGUAGE_STANDARD = "c++0x";
				CLANG_CXX_LIBRARY = "libc++";
				FRAMEWORK_SEARCH_PATHS = (
					/Library/Frameworks/,
					"$(inherited)",
				);
				GCC_VERSION = com.apple.compilers.llvm.clang.1_0;
				HEADER_SEARCH_PATHS = (
					/usr/local/include/,
					"$(inherited)",
				);
				LIBRARY_SEARCH_PATHS = (
					/usr/local/lib/,
					"$(inherited)",
				);
				MACOSX_DEPLOYMENT_TARGET = 10.7;
				OTHER_LDFLAGS = (
					"$(inherited)",
					"$(SFML_SYSTEM)",
					"$(SFML_WINDOW)",
					"$(SFML_GRAPHICS)",
					"$(SFML_AUDIO)",
					"$(SFML_NETWORK)",
				);
				SFML_AUDIO = "$(SFML_LINK_PREFIX) sfml-audio$(SFML_LINK_SUFFIX)";
				SFML_BINARY_TYPE = FRAMEWORKS;
				SFML_GRAPHICS = "$(SFML_LINK_PREFIX) sfml-graphics$(SFML_LINK_SUFFIX)";
				SFML_LINK_DYLIBS_PREFIX = "-l";
				SFML_LINK_DYLIBS_SUFFIX = "";
				SFML_LINK_FRAMEWORKS_PREFIX = "-framework";
				SFML_LINK_FRAMEWORKS_SUFFIX = "";
				SFML_LINK_PREFIX = "$(SFML_LINK_$(SFML_BINARY_TYPE)_PREFIX)";
				SFML_LINK_SUFFIX = "$(SFML_LINK_$(SFML_BINARY_TYPE)_SUFFIX)";
				SFML_NETWORK = "";
				SFML_SYSTEM = "$(SFML_LINK_PREFIX) sfml-system$(SFML_LINK_SUFFIX)";
				SFML_WINDOW = "$(SFML_LINK_PREFIX) sfml-window$(SFML_LINK_SUFFIX)";
				SUPPORTED_PLATFORMS = macosx;
			};
			name = Release;
		};
		0167073C201980E500913B43 /* Debug */ = {
			isa = XCBuildConfiguration;
			buildSettings = {
				CODE_SIGN_STYLE = Automatic;
				DEVELOPMENT_TEAM = 68F2BY355N;
				INFOPLIST_FILE = "NovelAnalyzer/NovelAnalyzer-Info.plist";
				LD_RUNPATH_SEARCH_PATHS = "@loader_path/../Frameworks";
				PRODUCT_NAME = "$(TARGET_NAME)";
			};
			name = Debug;
		};
		0167073D201980E500913B43 /* Release */ = {
			isa = XCBuildConfiguration;
			buildSettings = {
				CODE_SIGN_STYLE = Automatic;
				DEVELOPMENT_TEAM = 68F2BY355N;
				INFOPLIST_FILE = "NovelAnalyzer/NovelAnalyzer-Info.plist";
				LD_RUNPATH_SEARCH_PATHS = "@loader_path/../Frameworks";
				PRODUCT_NAME = "$(TARGET_NAME)";
			};
			name = Release;
		};
/* End XCBuildConfiguration section */

/* Begin XCConfigurationList section */
		01670720201980E500913B43 /* Build configuration list for PBXProject "NovelAnalyzer" */ = {
			isa = XCConfigurationList;
			buildConfigurations = (
				01670739201980E500913B43 /* Debug */,
				0167073A201980E500913B43 /* Release */,
			);
			defaultConfigurationIsVisible = 0;
			defaultConfigurationName = Release;
		};
		0167073B201980E500913B43 /* Build configuration list for PBXNativeTarget "NovelAnalyzer" */ = {
			isa = XCConfigurationList;
			buildConfigurations = (
				0167073C201980E500913B43 /* Debug */,
				0167073D201980E500913B43 /* Release */,
			);
			defaultConfigurationIsVisible = 0;
			defaultConfigurationName = Release;
		};
/* End XCConfigurationList section */
	};
	rootObject = 0167071D201980E500913B43 /* Project object */;
}
